
Microsoft Visual Studio Solution File, Format Version 12.00
# Visual Studio 15
Project("{FAE04EC0-301F-11D3-BF4B-00C04F79EFBC}") = "UnityEngine.TestRunner", "UnityEngine.TestRunner.csproj", "{9DD29379-8F4A-259C-50A9-84823324BC09}"
EndProject
Project("{FAE04EC0-301F-11D3-BF4B-00C04F79EFBC}") = "UnityEngine.UI", "UnityEngine.UI.csproj", "{967B7DA6-3BDD-C5ED-C689-5B8D2293612E}"
EndProject
Project("{FAE04EC0-301F-11D3-BF4B-00C04F79EFBC}") = "Unity.TextMeshPro", "Unity.TextMeshPro.csproj", "{7B74F35D-F9B4-5708-85AC-11664CB761D3}"
EndProject
Project("{FAE04EC0-301F-11D3-BF4B-00C04F79EFBC}") = "Unity.Timeline", "Unity.Timeline.csproj", "{CC6919DE-B2F0-431B-CAC3-459432EC35F3}"
EndProject
Project("{FAE04EC0-301F-11D3-BF4B-00C04F79EFBC}") = "Assembly-CSharp", "Assembly-CSharp.csproj", "{B28B6676-4683-0BF4-7F34-000C6A1399F9}"
EndProject
Project("{FAE04EC0-301F-11D3-BF4B-00C04F79EFBC}") = "Unity.TextMeshPro.Editor", "Unity.TextMeshPro.Editor.csproj", "{87E20AD0-31B3-098B-2E39-70915989D8A3}"
EndProject
Project("{FAE04EC0-301F-11D3-BF4B-00C04F79EFBC}") = "Unity.Timeline.Editor", "Unity.Timeline.Editor.csproj", "{98ECF347-8353-4965-34E5-AA885C7858D9}"
EndProject
Project("{FAE04EC0-301F-11D3-BF4B-00C04F79EFBC}") = "UnityEditor.TestRunner", "UnityEditor.TestRunner.csproj", "{659F1CCA-8D7F-ABC9-3766-1C9FD44BED8C}"
EndProject
Project("{FAE04EC0-301F-11D3-BF4B-00C04F79EFBC}") = "UnityEditor.UI", "UnityEditor.UI.csproj", "{020B8643-E39B-5F38-D6A7-A7C1B6B321E2}"
EndProject
Project("{FAE04EC0-301F-11D3-BF4B-00C04F79EFBC}") = "Unity.Rider.Editor", "Unity.Rider.Editor.csproj", "{497E08DC-1275-7F9D-D759-A8833410FFAA}"
EndProject
Project("{FAE04EC0-301F-11D3-BF4B-00C04F79EFBC}") = "Unity.CollabProxy.Editor", "Unity.CollabProxy.Editor.csproj", "{BC703D2B-41FC-CF2D-9F9E-1362D6F7B6FC}"
EndProject
Project("{FAE04EC0-301F-11D3-BF4B-00C04F79EFBC}") = "Unity.VSCode.Editor", "Unity.VSCode.Editor.csproj", "{4DEE8427-1CB4-B1FF-033B-C595E682658F}"
EndProject
Global
	GlobalSection(SolutionConfigurationPlatforms) = preSolution
		Debug|Any CPU = Debug|Any CPU
		Release|Any CPU = Release|Any CPU
	EndGlobalSection
	GlobalSection(ProjectConfigurationPlatforms) = postSolution
		{9DD29379-8F4A-259C-50A9-84823324BC09}.Debug|Any CPU.ActiveCfg = Debug|Any CPU
		{9DD29379-8F4A-259C-50A9-84823324BC09}.Debug|Any CPU.Build.0 = Debug|Any CPU
		{9DD29379-8F4A-259C-50A9-84823324BC09}.Release|Any CPU.ActiveCfg = Release|Any CPU
		{9DD29379-8F4A-259C-50A9-84823324BC09}.Release|Any CPU.Build.0 = Release|Any CPU
		{967B7DA6-3BDD-C5ED-C689-5B8D2293612E}.Debug|Any CPU.ActiveCfg = Debug|Any CPU
		{967B7DA6-3BDD-C5ED-C689-5B8D2293612E}.Debug|Any CPU.Build.0 = Debug|Any CPU
		{967B7DA6-3BDD-C5ED-C689-5B8D2293612E}.Release|Any CPU.ActiveCfg = Release|Any CPU
		{967B7DA6-3BDD-C5ED-C689-5B8D2293612E}.Release|Any CPU.Build.0 = Release|Any CPU
		{7B74F35D-F9B4-5708-85AC-11664CB761D3}.Debug|Any CPU.ActiveCfg = Debug|Any CPU
		{7B74F35D-F9B4-5708-85AC-11664CB761D3}.Debug|Any CPU.Build.0 = Debug|Any CPU
		{7B74F35D-F9B4-5708-85AC-11664CB761D3}.Release|Any CPU.ActiveCfg = Release|Any CPU
		{7B74F35D-F9B4-5708-85AC-11664CB761D3}.Release|Any CPU.Build.0 = Release|Any CPU
		{CC6919DE-B2F0-431B-CAC3-459432EC35F3}.Debug|Any CPU.ActiveCfg = Debug|Any CPU
		{CC6919DE-B2F0-431B-CAC3-459432EC35F3}.Debug|Any CPU.Build.0 = Debug|Any CPU
		{CC6919DE-B2F0-431B-CAC3-459432EC35F3}.Release|Any CPU.ActiveCfg = Release|Any CPU
		{CC6919DE-B2F0-431B-CAC3-459432EC35F3}.Release|Any CPU.Build.0 = Release|Any CPU
		{B28B6676-4683-0BF4-7F34-000C6A1399F9}.Debug|Any CPU.ActiveCfg = Debug|Any CPU
		{B28B6676-4683-0BF4-7F34-000C6A1399F9}.Debug|Any CPU.Build.0 = Debug|Any CPU
		{B28B6676-4683-0BF4-7F34-000C6A1399F9}.Release|Any CPU.ActiveCfg = Release|Any CPU
		{B28B6676-4683-0BF4-7F34-000C6A1399F9}.Release|Any CPU.Build.0 = Release|Any CPU
		{87E20AD0-31B3-098B-2E39-70915989D8A3}.Debug|Any CPU.ActiveCfg = Debug|Any CPU
		{87E20AD0-31B3-098B-2E39-70915989D8A3}.Debug|Any CPU.Build.0 = Debug|Any CPU
		{87E20AD0-31B3-098B-2E39-70915989D8A3}.Release|Any CPU.ActiveCfg = Release|Any CPU
		{87E20AD0-31B3-098B-2E39-70915989D8A3}.Release|Any CPU.Build.0 = Release|Any CPU
		{98ECF347-8353-4965-34E5-AA885C7858D9}.Debug|Any CPU.ActiveCfg = Debug|Any CPU
		{98ECF347-8353-4965-34E5-AA885C7858D9}.Debug|Any CPU.Build.0 = Debug|Any CPU
		{98ECF347-8353-4965-34E5-AA885C7858D9}.Release|Any CPU.ActiveCfg = Release|Any CPU
		{98ECF347-8353-4965-34E5-AA885C7858D9}.Release|Any CPU.Build.0 = Release|Any CPU
		{659F1CCA-8D7F-ABC9-3766-1C9FD44BED8C}.Debug|Any CPU.ActiveCfg = Debug|Any CPU
		{659F1CCA-8D7F-ABC9-3766-1C9FD44BED8C}.Debug|Any CPU.Build.0 = Debug|Any CPU
		{659F1CCA-8D7F-ABC9-3766-1C9FD44BED8C}.Release|Any CPU.ActiveCfg = Release|Any CPU
		{659F1CCA-8D7F-ABC9-3766-1C9FD44BED8C}.Release|Any CPU.Build.0 = Release|Any CPU
		{020B8643-E39B-5F38-D6A7-A7C1B6B321E2}.Debug|Any CPU.ActiveCfg = Debug|Any CPU
		{020B8643-E39B-5F38-D6A7-A7C1B6B321E2}.Debug|Any CPU.Build.0 = Debug|Any CPU
		{020B8643-E39B-5F38-D6A7-A7C1B6B321E2}.Release|Any CPU.ActiveCfg = Release|Any CPU
		{020B8643-E39B-5F38-D6A7-A7C1B6B321E2}.Release|Any CPU.Build.0 = Release|Any CPU
		{497E08DC-1275-7F9D-D759-A8833410FFAA}.Debug|Any CPU.ActiveCfg = Debug|Any CPU
		{497E08DC-1275-7F9D-D759-A8833410FFAA}.Debug|Any CPU.Build.0 = Debug|Any CPU
		{497E08DC-1275-7F9D-D759-A8833410FFAA}.Release|Any CPU.ActiveCfg = Release|Any CPU
		{497E08DC-1275-7F9D-D759-A8833410FFAA}.Release|Any CPU.Build.0 = Release|Any CPU
		{BC703D2B-41FC-CF2D-9F9E-1362D6F7B6FC}.Debug|Any CPU.ActiveCfg = Debug|Any CPU
		{BC703D2B-41FC-CF2D-9F9E-1362D6F7B6FC}.Debug|Any CPU.Build.0 = Debug|Any CPU
		{BC703D2B-41FC-CF2D-9F9E-1362D6F7B6FC}.Release|Any CPU.ActiveCfg = Release|Any CPU
		{BC703D2B-41FC-CF2D-9F9E-1362D6F7B6FC}.Release|Any CPU.Build.0 = Release|Any CPU
		{4DEE8427-1CB4-B1FF-033B-C595E682658F}.Debug|Any CPU.ActiveCfg = Debug|Any CPU
		{4DEE8427-1CB4-B1FF-033B-C595E682658F}.Debug|Any CPU.Build.0 = Debug|Any CPU
		{4DEE8427-1CB4-B1FF-033B-C595E682658F}.Release|Any CPU.ActiveCfg = Release|Any CPU
		{4DEE8427-1CB4-B1FF-033B-C595E682658F}.Release|Any CPU.Build.0 = Release|Any CPU
	EndGlobalSection
	GlobalSection(SolutionProperties) = preSolution
		HideSolutionNode = FALSE
	EndGlobalSection
EndGlobal
